{
  "name": "Gulliver AI Intelligence",
  "description": "A cinematic research hub for Gulliver Preparatory School, synthesizing AI-related educational breakthroughs from Gmail into a prestige dashboard.",
  "requestFramePermissions": [],
  "majorCapabilities": [
    "MAJOR_CAPABILITY_SERVER_SIDE_GEMINI_API"
  ]
}
